// !$*UTF8*$!
{
	archiveVersion = 1;
	classes = {
	};
	objectVersion = 56;
	objects = {

/* Begin PBXBuildFile section */
		1660865B2C88A77A004177B7 /* MultiplyApp.swift in Sources */ = {isa = PBXBuildFile; fileRef = 1660865A2C88A77A004177B7 /* MultiplyApp.swift */; };
		1660865D2C88A77A004177B7 /* ContentView.swift in Sources */ = {isa = PBXBuildFile; fileRef = 1660865C2C88A77A004177B7 /* ContentView.swift */; };
		1660865F2C88A77E004177B7 /* Assets.xcassets in Resources */ = {isa = PBXBuildFile; fileRef = 1660865E2C88A77E004177B7 /* Assets.xcassets */; };
		166086622C88A77E004177B7 /* Preview Assets.xcassets in Resources */ = {isa = PBXBuildFile; fileRef = 166086612C88A77E004177B7 /* Preview Assets.xcassets */; };
		1660866C2C88A77F004177B7 /* MultiplyTests.swift in Sources */ = {isa = PBXBuildFile; fileRef = 1660866B2C88A77F004177B7 /* MultiplyTests.swift */; };
		166086762C88A77F004177B7 /* MultiplyUITests.swift in Sources */ = {isa = PBXBuildFile; fileRef = 166086752C88A77F004177B7 /* MultiplyUITests.swift */; };
		166086782C88A77F004177B7 /* MultiplyUITestsLaunchTests.swift in Sources */ = {isa = PBXBuildFile; fileRef = 166086772C88A77F004177B7 /* MultiplyUITestsLaunchTests.swift */; };
/* End PBXBuildFile section */

/* Begin PBXContainerItemProxy section */
		166086682C88A77F004177B7 /* PBXContainerItemProxy */ = {
			isa = PBXContainerItemProxy;
			containerPortal = 1660864F2C88A77A004177B7 /* Project object */;
			proxyType = 1;
			remoteGlobalIDString = 166086562C88A77A004177B7;
			remoteInfo = Multiply;
		};
		166086722C88A77F004177B7 /* PBXContainerItemProxy */ = {
			isa = PBXContainerItemProxy;
			containerPortal = 1660864F2C88A77A004177B7 /* Project object */;
			proxyType = 1;
			remoteGlobalIDString = 166086562C88A77A004177B7;
			remoteInfo = Multiply;
		};
/* End PBXContainerItemProxy section */

/* Begin PBXFileReference section */
		166086572C88A77A004177B7 /* Multiply.app */ = {isa = PBXFileReference; explicitFileType = wrapper.application; includeInIndex = 0; path = Multiply.app; sourceTree = BUILT_PRODUCTS_DIR; };
		1660865A2C88A77A004177B7 /* MultiplyApp.swift */ = {isa = PBXFileReference; lastKnownFileType = sourcecode.swift; path = MultiplyApp.swift; sourceTree = "<group>"; };
		1660865C2C88A77A004177B7 /* ContentView.swift */ = {isa = PBXFileReference; lastKnownFileType = sourcecode.swift; path = ContentView.swift; sourceTree = "<group>"; };
		1660865E2C88A77E004177B7 /* Assets.xcassets */ = {isa = PBXFileReference; lastKnownFileType = folder.assetcatalog; path = Assets.xcassets; sourceTree = "<group>"; };
		166086612C88A77E004177B7 /* Preview Assets.xcassets */ = {isa = PBXFileReference; lastKnownFileType = folder.assetcatalog; path = "Preview Assets.xcassets"; sourceTree = "<group>"; };
		166086672C88A77F004177B7 /* MultiplyTests.xctest */ = {isa = PBXFileReference; explicitFileType = wrapper.cfbundle; includeInIndex = 0; path = MultiplyTests.xctest; sourceTree = BUILT_PRODUCTS_DIR; };
		1660866B2C88A77F004177B7 /* MultiplyTests.swift */ = {isa = PBXFileReference; lastKnownFileType = sourcecode.swift; path = MultiplyTests.swift; sourceTree = "<group>"; };
		166086712C88A77F004177B7 /* MultiplyUITests.xctest */ = {isa = PBXFileReference; explicitFileType = wrapper.cfbundle; includeInIndex = 0; path = MultiplyUITests.xctest; sourceTree = BUILT_PRODUCTS_DIR; };
		166086752C88A77F004177B7 /* MultiplyUITests.swift */ = {isa = PBXFileReference; lastKnownFileType = sourcecode.swift; path = MultiplyUITests.swift; sourceTree = "<group>"; };
		166086772C88A77F004177B7 /* MultiplyUITestsLaunchTests.swift */ = {isa = PBXFileReference; lastKnownFileType = sourcecode.swift; path = MultiplyUITestsLaunchTests.swift; sourceTree = "<group>"; };
/* End PBXFileReference section */

/* Begin PBXFrameworksBuildPhase section */
		166086542C88A77A004177B7 /* Frameworks */ = {
			isa = PBXFrameworksBuildPhase;
			buildActionMask = 2147483647;
			files = (
			);
			runOnlyForDeploymentPostprocessing = 0;
		};
		166086642C88A77F004177B7 /* Frameworks */ = {
			isa = PBXFrameworksBuildPhase;
			buildActionMask = 2147483647;
			files = (
			);
			runOnlyForDeploymentPostprocessing = 0;
		};
		1660866E2C88A77F004177B7 /* Frameworks */ = {
			isa = PBXFrameworksBuildPhase;
			buildActionMask = 2147483647;
			files = (
			);
			runOnlyForDeploymentPostprocessing = 0;
		};
/* End PBXFrameworksBuildPhase section */

/* Begin PBXGroup section */
		1660864E2C88A77A004177B7 = {
			isa = PBXGroup;
			children = (
				166086592C88A77A004177B7 /* Multiply */,
				1660866A2C88A77F004177B7 /* MultiplyTests */,
				166086742C88A77F004177B7 /* MultiplyUITests */,
				166086582C88A77A004177B7 /* Products */,
			);
			sourceTree = "<group>";
		};
		166086582C88A77A004177B7 /* Products */ = {
			isa = PBXGroup;
			children = (
				166086572C88A77A004177B7 /* Multiply.app */,
				166086672C88A77F004177B7 /* MultiplyTests.xctest */,
				166086712C88A77F004177B7 /* MultiplyUITests.xctest */,
			);
			name = Products;
			sourceTree = "<group>";
		};
		166086592C88A77A004177B7 /* Multiply */ = {
			isa = PBXGroup;
			children = (
				1660865A2C88A77A004177B7 /* MultiplyApp.swift */,
				1660865C2C88A77A004177B7 /* ContentView.swift */,
				1660865E2C88A77E004177B7 /* Assets.xcassets */,
				166086602C88A77E004177B7 /* Preview Content */,
			);
			path = Multiply;
			sourceTree = "<group>";
		};
		166086602C88A77E004177B7 /* Preview Content */ = {
			isa = PBXGroup;
			children = (
				166086612C88A77E004177B7 /* Preview Assets.xcassets */,
			);
			path = "Preview Content";
			sourceTree = "<group>";
		};
		1660866A2C88A77F004177B7 /* MultiplyTests */ = {
			isa = PBXGroup;
			children = (
				1660866B2C88A77F004177B7 /* MultiplyTests.swift */,
			);
			path = MultiplyTests;
			sourceTree = "<group>";
		};
		166086742C88A77F004177B7 /* MultiplyUITests */ = {
			isa = PBXGroup;
			children = (
				166086752C88A77F004177B7 /* MultiplyUITests.swift */,
				166086772C88A77F004177B7 /* MultiplyUITestsLaunchTests.swift */,
			);
			path = MultiplyUITests;
			sourceTree = "<group>";
		};
/* End PBXGroup section */

/* Begin PBXNativeTarget section */
		166086562C88A77A004177B7 /* Multiply */ = {
			isa = PBXNativeTarget;
			buildConfigurationList = 1660867B2C88A77F004177B7 /* Build configuration list for PBXNativeTarget "Multiply" */;
			buildPhases = (
				166086532C88A77A004177B7 /* Sources */,
				166086542C88A77A004177B7 /* Frameworks */,
				166086552C88A77A004177B7 /* Resources */,
			);
			buildRules = (
			);
			dependencies = (
			);
			name = Multiply;
			productName = Multiply;
			productReference = 166086572C88A77A004177B7 /* Multiply.app */;
			productType = "com.apple.product-type.application";
		};
		166086662C88A77F004177B7 /* MultiplyTests */ = {
			isa = PBXNativeTarget;
			buildConfigurationList = 1660867E2C88A77F004177B7 /* Build configuration list for PBXNativeTarget "MultiplyTests" */;
			buildPhases = (
				166086632C88A77F004177B7 /* Sources */,
				166086642C88A77F004177B7 /* Frameworks */,
				166086652C88A77F004177B7 /* Resources */,
			);
			buildRules = (
			);
			dependencies = (
				166086692C88A77F004177B7 /* PBXTargetDependency */,
			);
			name = MultiplyTests;
			productName = MultiplyTests;
			productReference = 166086672C88A77F004177B7 /* MultiplyTests.xctest */;
			productType = "com.apple.product-type.bundle.unit-test";
		};
		166086702C88A77F004177B7 /* MultiplyUITests */ = {
			isa = PBXNativeTarget;
			buildConfigurationList = 166086812C88A77F004177B7 /* Build configuration list for PBXNativeTarget "MultiplyUITests" */;
			buildPhases = (
				1660866D2C88A77F004177B7 /* Sources */,
				1660866E2C88A77F004177B7 /* Frameworks */,
				1660866F2C88A77F004177B7 /* Resources */,
			);
			buildRules = (
			);
			dependencies = (
				166086732C88A77F004177B7 /* PBXTargetDependency */,
			);
			name = MultiplyUITests;
			productName = MultiplyUITests;
			productReference = 166086712C88A77F004177B7 /* MultiplyUITests.xctest */;
			productType = "com.apple.product-type.bundle.ui-testing";
		};
/* End PBXNativeTarget section */

/* Begin PBXProject section */
		1660864F2C88A77A004177B7 /* Project object */ = {
			isa = PBXProject;
			attributes = {
				BuildIndependentTargetsInParallel = 1;
				LastSwiftUpdateCheck = 1540;
				LastUpgradeCheck = 1540;
				TargetAttributes = {
					166086562C88A77A004177B7 = {
						CreatedOnToolsVersion = 15.4;
					};
					166086662C88A77F004177B7 = {
						CreatedOnToolsVersion = 15.4;
						TestTargetID = 166086562C88A77A004177B7;
					};
					166086702C88A77F004177B7 = {
						CreatedOnToolsVersion = 15.4;
						TestTargetID = 166086562C88A77A004177B7;
					};
				};
			};
			buildConfigurationList = 166086522C88A77A004177B7 /* Build configuration list for PBXProject "Multiply" */;
			compatibilityVersion = "Xcode 14.0";
			developmentRegion = en;
			hasScannedForEncodings = 0;
			knownRegions = (
				en,
				Base,
			);
			mainGroup = 1660864E2C88A77A004177B7;
			productRefGroup = 166086582C88A77A004177B7 /* Products */;
			projectDirPath = "";
			projectRoot = "";
			targets = (
				166086562C88A77A004177B7 /* Multiply */,
				166086662C88A77F004177B7 /* MultiplyTests */,
				166086702C88A77F004177B7 /* MultiplyUITests */,
			);
		};
/* End PBXProject section */

/* Begin PBXResourcesBuildPhase section */
		166086552C88A77A004177B7 /* Resources */ = {
			isa = PBXResourcesBuildPhase;
			buildActionMask = 2147483647;
			files = (
				166086622C88A77E004177B7 /* Preview Assets.xcassets in Resources */,
				1660865F2C88A77E004177B7 /* Assets.xcassets in Resources */,
			);
			runOnlyForDeploymentPostprocessing = 0;
		};
		166086652C88A77F004177B7 /* Resources */ = {
			isa = PBXResourcesBuildPhase;
			buildActionMask = 2147483647;
			files = (
			);
			runOnlyForDeploymentPostprocessing = 0;
		};
		1660866F2C88A77F004177B7 /* Resources */ = {
			isa = PBXResourcesBuildPhase;
			buildActionMask = 2147483647;
			files = (
			);
			runOnlyForDeploymentPostprocessing = 0;
		};
/* End PBXResourcesBuildPhase section */

/* Begin PBXSourcesBuildPhase section */
		166086532C88A77A004177B7 /* Sources */ = {
			isa = PBXSourcesBuildPhase;
			buildActionMask = 2147483647;
			files = (
				1660865D2C88A77A004177B7 /* ContentView.swift in Sources */,
				1660865B2C88A77A004177B7 /* MultiplyApp.swift in Sources */,
			);
			runOnlyForDeploymentPostprocessing = 0;
		};
		166086632C88A77F004177B7 /* Sources */ = {
			isa = PBXSourcesBuildPhase;
			buildActionMask = 2147483647;
			files = (
				1660866C2C88A77F004177B7 /* MultiplyTests.swift in Sources */,
			);
			runOnlyForDeploymentPostprocessing = 0;
		};
		1660866D2C88A77F004177B7 /* Sources */ = {
			isa = PBXSourcesBuildPhase;
			buildActionMask = 2147483647;
			files = (
				166086782C88A77F004177B7 /* MultiplyUITestsLaunchTests.swift in Sources */,
				166086762C88A77F004177B7 /* MultiplyUITests.swift in Sources */,
			);
			runOnlyForDeploymentPostprocessing = 0;
		};
/* End PBXSourcesBuildPhase section */

/* Begin PBXTargetDependency section */
		166086692C88A77F004177B7 /* PBXTargetDependency */ = {
			isa = PBXTargetDependency;
			target = 166086562C88A77A004177B7 /* Multiply */;
			targetProxy = 166086682C88A77F004177B7 /* PBXContainerItemProxy */;
		};
		166086732C88A77F004177B7 /* PBXTargetDependency */ = {
			isa = PBXTargetDependency;
			target = 166086562C88A77A004177B7 /* Multiply */;
			targetProxy = 166086722C88A77F004177B7 /* PBXContainerItemProxy */;
		};
/* End PBXTargetDependency section */

/* Begin XCBuildConfiguration section */
		166086792C88A77F004177B7 /* Debug */ = {
			isa = XCBuildConfiguration;
			buildSettings = {
				ALWAYS_SEARCH_USER_PATHS = NO;
				ASSETCATALOG_COMPILER_GENERATE_SWIFT_ASSET_SYMBOL_EXTENSIONS = YES;
				CLANG_ANALYZER_NONNULL = YES;
				CLANG_ANALYZER_NUMBER_OBJECT_CONVERSION = YES_AGGRESSIVE;
				CLANG_CXX_LANGUAGE_STANDARD = "gnu++20";
				CLANG_ENABLE_MODULES = YES;
				CLANG_ENABLE_OBJC_ARC = YES;
				CLANG_ENABLE_OBJC_WEAK = YES;
				CLANG_WARN_BLOCK_CAPTURE_AUTORELEASING = YES;
				CLANG_WARN_BOOL_CONVERSION = YES;
				CLANG_WARN_COMMA = YES;
				CLANG_WARN_CONSTANT_CONVERSION = YES;
				CLANG_WARN_DEPRECATED_OBJC_IMPLEMENTATIONS = YES;
				CLANG_WARN_DIRECT_OBJC_ISA_USAGE = YES_ERROR;
				CLANG_WARN_DOCUMENTATION_COMMENTS = YES;
				CLANG_WARN_EMPTY_BODY = YES;
				CLANG_WARN_ENUM_CONVERSION = YES;
				CLANG_WARN_INFINITE_RECURSION = YES;
				CLANG_WARN_INT_CONVERSION = YES;
				CLANG_WARN_NON_LITERAL_NULL_CONVERSION = YES;
				CLANG_WARN_OBJC_IMPLICIT_RETAIN_SELF = YES;
				CLANG_WARN_OBJC_LITERAL_CONVERSION = YES;
				CLANG_WARN_OBJC_ROOT_CLASS = YES_ERROR;
				CLANG_WARN_QUOTED_INCLUDE_IN_FRAMEWORK_HEADER = YES;
				CLANG_WARN_RANGE_LOOP_ANALYSIS = YES;
				CLANG_WARN_STRICT_PROTOTYPES = YES;
				CLANG_WARN_SUSPICIOUS_MOVE = YES;
				CLANG_WARN_UNGUARDED_AVAILABILITY = YES_AGGRESSIVE;
				CLANG_WARN_UNREACHABLE_CODE = YES;
				CLANG_WARN__DUPLICATE_METHOD_MATCH = YES;
				COPY_PHASE_STRIP = NO;
				DEBUG_INFORMATION_FORMAT = dwarf;
				ENABLE_STRICT_OBJC_MSGSEND = YES;
				ENABLE_TESTABILITY = YES;
				ENABLE_USER_SCRIPT_SANDBOXING = YES;
				GCC_C_LANGUAGE_STANDARD = gnu17;
				GCC_DYNAMIC_NO_PIC = NO;
				GCC_NO_COMMON_BLOCKS = YES;
				GCC_OPTIMIZATION_LEVEL = 0;
				GCC_PREPROCESSOR_DEFINITIONS = (
					"DEBUG=1",
					"$(inherited)",
				);
				GCC_WARN_64_TO_32_BIT_CONVERSION = YES;
				GCC_WARN_ABOUT_RETURN_TYPE = YES_ERROR;
				GCC_WARN_UNDECLARED_SELECTOR = YES;
				GCC_WARN_UNINITIALIZED_AUTOS = YES_AGGRESSIVE;
				GCC_WARN_UNUSED_FUNCTION = YES;
				GCC_WARN_UNUSED_VARIABLE = YES;
				IPHONEOS_DEPLOYMENT_TARGET = 17.5;
				LOCALIZATION_PREFERS_STRING_CATALOGS = YES;
				MTL_ENABLE_DEBUG_INFO = INCLUDE_SOURCE;
				MTL_FAST_MATH = YES;
				ONLY_ACTIVE_ARCH = YES;
				SDKROOT = iphoneos;
				SWIFT_ACTIVE_COMPILATION_CONDITIONS = "DEBUG $(inherited)";
				SWIFT_OPTIMIZATION_LEVEL = "-Onone";
			};
			name = Debug;
		};
		1660867A2C88A77F004177B7 /* Release */ = {
			isa = XCBuildConfiguration;
			buildSettings = {
				ALWAYS_SEARCH_USER_PATHS = NO;
				ASSETCATALOG_COMPILER_GENERATE_SWIFT_ASSET_SYMBOL_EXTENSIONS = YES;
				CLANG_ANALYZER_NONNULL = YES;
				CLANG_ANALYZER_NUMBER_OBJECT_CONVERSION = YES_AGGRESSIVE;
				CLANG_CXX_LANGUAGE_STANDARD = "gnu++20";
				CLANG_ENABLE_MODULES = YES;
				CLANG_ENABLE_OBJC_ARC = YES;
				CLANG_ENABLE_OBJC_WEAK = YES;
				CLANG_WARN_BLOCK_CAPTURE_AUTORELEASING = YES;
				CLANG_WARN_BOOL_CONVERSION = YES;
				CLANG_WARN_COMMA = YES;
				CLANG_WARN_CONSTANT_CONVERSION = YES;
				CLANG_WARN_DEPRECATED_OBJC_IMPLEMENTATIONS = YES;
				CLANG_WARN_DIRECT_OBJC_ISA_USAGE = YES_ERROR;
				CLANG_WARN_DOCUMENTATION_COMMENTS = YES;
				CLANG_WARN_EMPTY_BODY = YES;
				CLANG_WARN_ENUM_CONVERSION = YES;
				CLANG_WARN_INFINITE_RECURSION = YES;
				CLANG_WARN_INT_CONVERSION = YES;
				CLANG_WARN_NON_LITERAL_NULL_CONVERSION = YES;
				CLANG_WARN_OBJC_IMPLICIT_RETAIN_SELF = YES;
				CLANG_WARN_OBJC_LITERAL_CONVERSION = YES;
				CLANG_WARN_OBJC_ROOT_CLASS = YES_ERROR;
				CLANG_WARN_QUOTED_INCLUDE_IN_FRAMEWORK_HEADER = YES;
				CLANG_WARN_RANGE_LOOP_ANALYSIS = YES;
				CLANG_WARN_STRICT_PROTOTYPES = YES;
				CLANG_WARN_SUSPICIOUS_MOVE = YES;
				CLANG_WARN_UNGUARDED_AVAILABILITY = YES_AGGRESSIVE;
				CLANG_WARN_UNREACHABLE_CODE = YES;
				CLANG_WARN__DUPLICATE_METHOD_MATCH = YES;
				COPY_PHASE_STRIP = NO;
				DEBUG_INFORMATION_FORMAT = "dwarf-with-dsym";
				ENABLE_NS_ASSERTIONS = NO;
				ENABLE_STRICT_OBJC_MSGSEND = YES;
				ENABLE_USER_SCRIPT_SANDBOXING = YES;
				GCC_C_LANGUAGE_STANDARD = gnu17;
				GCC_NO_COMMON_BLOCKS = YES;
				GCC_WARN_64_TO_32_BIT_CONVERSION = YES;
				GCC_WARN_ABOUT_RETURN_TYPE = YES_ERROR;
				GCC_WARN_UNDECLARED_SELECTOR = YES;
				GCC_WARN_UNINITIALIZED_AUTOS = YES_AGGRESSIVE;
				GCC_WARN_UNUSED_FUNCTION = YES;
				GCC_WARN_UNUSED_VARIABLE = YES;
				IPHONEOS_DEPLOYMENT_TARGET = 17.5;
				LOCALIZATION_PREFERS_STRING_CATALOGS = YES;
				MTL_ENABLE_DEBUG_INFO = NO;
				MTL_FAST_MATH = YES;
				SDKROOT = iphoneos;
				SWIFT_COMPILATION_MODE = wholemodule;
				VALIDATE_PRODUCT = YES;
			};
			name = Release;
		};
		1660867C2C88A77F004177B7 /* Debug */ = {
			isa = XCBuildConfiguration;
			buildSettings = {
				ASSETCATALOG_COMPILER_APPICON_NAME = AppIcon;
				ASSETCATALOG_COMPILER_GLOBAL_ACCENT_COLOR_NAME = AccentColor;
				CODE_SIGN_STYLE = Automatic;
				CURRENT_PROJECT_VERSION = 1;
				DEVELOPMENT_ASSET_PATHS = "\"Multiply/Preview Content\"";
				DEVELOPMENT_TEAM = P2TQUSUDZ6;
				ENABLE_PREVIEWS = YES;
				GENERATE_INFOPLIST_FILE = YES;
				INFOPLIST_KEY_UIApplicationSceneManifest_Generation = YES;
				INFOPLIST_KEY_UIApplicationSupportsIndirectInputEvents = YES;
				INFOPLIST_KEY_UILaunchScreen_Generation = YES;
				INFOPLIST_KEY_UISupportedInterfaceOrientations_iPad = "UIInterfaceOrientationPortrait UIInterfaceOrientationPortraitUpsideDown UIInterfaceOrientationLandscapeLeft UIInterfaceOrientationLandscapeRight";
				INFOPLIST_KEY_UISupportedInterfaceOrientations_iPhone = "UIInterfaceOrientationPortrait UIInterfaceOrientationLandscapeLeft UIInterfaceOrientationLandscapeRight";
				LD_RUNPATH_SEARCH_PATHS = (
					"$(inherited)",
					"@executable_path/Frameworks",
				);
				MARKETING_VERSION = 1.0;
				PRODUCT_BUNDLE_IDENTIFIER = com.zane.Multiply;
				PRODUCT_NAME = "$(TARGET_NAME)";
				SWIFT_EMIT_LOC_STRINGS = YES;
				SWIFT_VERSION = 5.0;
				TARGETED_DEVICE_FAMILY = "1,2";
			};
			name = Debug;
		};
		1660867D2C88A77F004177B7 /* Release */ = {
			isa = XCBuildConfiguration;
			buildSettings = {
				ASSETCATALOG_COMPILER_APPICON_NAME = AppIcon;
				ASSETCATALOG_COMPILER_GLOBAL_ACCENT_COLOR_NAME = AccentColor;
				CODE_SIGN_STYLE = Automatic;
				CURRENT_PROJECT_VERSION = 1;
				DEVELOPMENT_ASSET_PATHS = "\"Multiply/Preview Content\"";
				DEVELOPMENT_TEAM = P2TQUSUDZ6;
				ENABLE_PREVIEWS = YES;
				GENERATE_INFOPLIST_FILE = YES;
				INFOPLIST_KEY_UIApplicationSceneManifest_Generation = YES;
				INFOPLIST_KEY_UIApplicationSupportsIndirectInputEvents = YES;
				INFOPLIST_KEY_UILaunchScreen_Generation = YES;
				INFOPLIST_KEY_UISupportedInterfaceOrientations_iPad = "UIInterfaceOrientationPortrait UIInterfaceOrientationPortraitUpsideDown UIInterfaceOrientationLandscapeLeft UIInterfaceOrientationLandscapeRight";
				INFOPLIST_KEY_UISupportedInterfaceOrientations_iPhone = "UIInterfaceOrientationPortrait UIInterfaceOrientationLandscapeLeft UIInterfaceOrientationLandscapeRight";
				LD_RUNPATH_SEARCH_PATHS = (
					"$(inherited)",
					"@executable_path/Frameworks",
				);
				MARKETING_VERSION = 1.0;
				PRODUCT_BUNDLE_IDENTIFIER = com.zane.Multiply;
				PRODUCT_NAME = "$(TARGET_NAME)";
				SWIFT_EMIT_LOC_STRINGS = YES;
				SWIFT_VERSION = 5.0;
				TARGETED_DEVICE_FAMILY = "1,2";
			};
			name = Release;
		};
		1660867F2C88A77F004177B7 /* Debug */ = {
			isa = XCBuildConfiguration;
			buildSettings = {
				ALWAYS_EMBED_SWIFT_STANDARD_LIBRARIES = YES;
				BUNDLE_LOADER = "$(TEST_HOST)";
				CODE_SIGN_STYLE = Automatic;
				CURRENT_PROJECT_VERSION = 1;
				DEVELOPMENT_TEAM = P2TQUSUDZ6;
				GENERATE_INFOPLIST_FILE = YES;
				IPHONEOS_DEPLOYMENT_TARGET = 17.5;
				MARKETING_VERSION = 1.0;
				PRODUCT_BUNDLE_IDENTIFIER = com.zane.MultiplyTests;
				PRODUCT_NAME = "$(TARGET_NAME)";
				SWIFT_EMIT_LOC_STRINGS = NO;
				SWIFT_VERSION = 5.0;
				TARGETED_DEVICE_FAMILY = "1,2";
				TEST_HOST = "$(BUILT_PRODUCTS_DIR)/Multiply.app/$(BUNDLE_EXECUTABLE_FOLDER_PATH)/Multiply";
			};
			name = Debug;
		};
		166086802C88A77F004177B7 /* Release */ = {
			isa = XCBuildConfiguration;
			buildSettings = {
				ALWAYS_EMBED_SWIFT_STANDARD_LIBRARIES = YES;
				BUNDLE_LOADER = "$(TEST_HOST)";
				CODE_SIGN_STYLE = Automatic;
				CURRENT_PROJECT_VERSION = 1;
				DEVELOPMENT_TEAM = P2TQUSUDZ6;
				GENERATE_INFOPLIST_FILE = YES;
				IPHONEOS_DEPLOYMENT_TARGET = 17.5;
				MARKETING_VERSION = 1.0;
				PRODUCT_BUNDLE_IDENTIFIER = com.zane.MultiplyTests;
				PRODUCT_NAME = "$(TARGET_NAME)";
				SWIFT_EMIT_LOC_STRINGS = NO;
				SWIFT_VERSION = 5.0;
				TARGETED_DEVICE_FAMILY = "1,2";
				TEST_HOST = "$(BUILT_PRODUCTS_DIR)/Multiply.app/$(BUNDLE_EXECUTABLE_FOLDER_PATH)/Multiply";
			};
			name = Release;
		};
		166086822C88A77F004177B7 /* Debug */ = {
			isa = XCBuildConfiguration;
			buildSettings = {
				ALWAYS_EMBED_SWIFT_STANDARD_LIBRARIES = YES;
				CODE_SIGN_STYLE = Automatic;
				CURRENT_PROJECT_VERSION = 1;
				DEVELOPMENT_TEAM = P2TQUSUDZ6;
				GENERATE_INFOPLIST_FILE = YES;
				MARKETING_VERSION = 1.0;
				PRODUCT_BUNDLE_IDENTIFIER = com.zane.MultiplyUITests;
				PRODUCT_NAME = "$(TARGET_NAME)";
				SWIFT_EMIT_LOC_STRINGS = NO;
				SWIFT_VERSION = 5.0;
				TARGETED_DEVICE_FAMILY = "1,2";
				TEST_TARGET_NAME = Multiply;
			};
			name = Debug;
		};
		166086832C88A77F004177B7 /* Release */ = {
			isa = XCBuildConfiguration;
			buildSettings = {
				ALWAYS_EMBED_SWIFT_STANDARD_LIBRARIES = YES;
				CODE_SIGN_STYLE = Automatic;
				CURRENT_PROJECT_VERSION = 1;
				DEVELOPMENT_TEAM = P2TQUSUDZ6;
				GENERATE_INFOPLIST_FILE = YES;
				MARKETING_VERSION = 1.0;
				PRODUCT_BUNDLE_IDENTIFIER = com.zane.MultiplyUITests;
				PRODUCT_NAME = "$(TARGET_NAME)";
				SWIFT_EMIT_LOC_STRINGS = NO;
				SWIFT_VERSION = 5.0;
				TARGETED_DEVICE_FAMILY = "1,2";
				TEST_TARGET_NAME = Multiply;
			};
			name = Release;
		};
/* End XCBuildConfiguration section */

/* Begin XCConfigurationList section */
		166086522C88A77A004177B7 /* Build configuration list for PBXProject "Multiply" */ = {
			isa = XCConfigurationList;
			buildConfigurations = (
				166086792C88A77F004177B7 /* Debug */,
				1660867A2C88A77F004177B7 /* Release */,
			);
			defaultConfigurationIsVisible = 0;
			defaultConfigurationName = Release;
		};
		1660867B2C88A77F004177B7 /* Build configuration list for PBXNativeTarget "Multiply" */ = {
			isa = XCConfigurationList;
			buildConfigurations = (
				1660867C2C88A77F004177B7 /* Debug */,
				1660867D2C88A77F004177B7 /* Release */,
			);
			defaultConfigurationIsVisible = 0;
			defaultConfigurationName = Release;
		};
		1660867E2C88A77F004177B7 /* Build configuration list for PBXNativeTarget "MultiplyTests" */ = {
			isa = XCConfigurationList;
			buildConfigurations = (
				1660867F2C88A77F004177B7 /* Debug */,
				166086802C88A77F004177B7 /* Release */,
			);
			defaultConfigurationIsVisible = 0;
			defaultConfigurationName = Release;
		};
		166086812C88A77F004177B7 /* Build configuration list for PBXNativeTarget "MultiplyUITests" */ = {
			isa = XCConfigurationList;
			buildConfigurations = (
				166086822C88A77F004177B7 /* Debug */,
				166086832C88A77F004177B7 /* Release */,
			);
			defaultConfigurationIsVisible = 0;
			defaultConfigurationName = Release;
		};
/* End XCConfigurationList section */
	};
	rootObject = 1660864F2C88A77A004177B7 /* Project object */;
}
